
Microsoft Visual Studio Solution File, Format Version 12.00
# Visual Studio Version 17
VisualStudioVersion = 17.9.34622.214
MinimumVisualStudioVersion = 10.0.40219.1
Project("{FAE04EC0-301F-11D3-BF4B-00C04F79EFBC}") = "Lab10", "Lab10\Lab10.csproj", "{02619CF0-A89C-4DBF-A914-CC9B916D9A55}"
EndProject
Global
	GlobalSection(SolutionConfigurationPlatforms) = preSolution
		Debug|Any CPU = Debug|Any CPU
		Release|Any CPU = Release|Any CPU
	EndGlobalSection
	GlobalSection(ProjectConfigurationPlatforms) = postSolution
		{02619CF0-A89C-4DBF-A914-CC9B916D9A55}.Debug|Any CPU.ActiveCfg = Debug|Any CPU
		{02619CF0-A89C-4DBF-A914-CC9B916D9A55}.Debug|Any CPU.Build.0 = Debug|Any CPU
		{02619CF0-A89C-4DBF-A914-CC9B916D9A55}.Release|Any CPU.ActiveCfg = Release|Any CPU
		{02619CF0-A89C-4DBF-A914-CC9B916D9A55}.Release|Any CPU.Build.0 = Release|Any CPU
	EndGlobalSection
	GlobalSection(SolutionProperties) = preSolution
		HideSolutionNode = FALSE
	EndGlobalSection
	GlobalSection(ExtensibilityGlobals) = postSolution
		SolutionGuid = {8E52A527-0D45-4608-BF60-86B3CD0524A3}
	EndGlobalSection
EndGlobal
